
Microsoft Visual Studio Solution File, Format Version 12.00
# Visual Studio Version 17
VisualStudioVersion = 17.14.36327.8 d17.14
MinimumVisualStudioVersion = 10.0.40219.1
Project("{FAE04EC0-301F-11D3-BF4B-00C04F79EFBC}") = "BulkLoadForTransporters", "BulkLoadForTransporters.csproj", "{5D718207-9152-46A2-B71C-16DCB9EA69B6}"
EndProject
Global
	GlobalSection(SolutionConfigurationPlatforms) = preSolution
		Debug|Any CPU = Debug|Any CPU
		Release|Any CPU = Release|Any CPU
	EndGlobalSection
	GlobalSection(ProjectConfigurationPlatforms) = postSolution
		{5D718207-9152-46A2-B71C-16DCB9EA69B6}.Debug|Any CPU.ActiveCfg = Debug|Any CPU
		{5D718207-9152-46A2-B71C-16DCB9EA69B6}.Debug|Any CPU.Build.0 = Debug|Any CPU
		{5D718207-9152-46A2-B71C-16DCB9EA69B6}.Release|Any CPU.ActiveCfg = Release|Any CPU
		{5D718207-9152-46A2-B71C-16DCB9EA69B6}.Release|Any CPU.Build.0 = Release|Any CPU
	EndGlobalSection
	GlobalSection(SolutionProperties) = preSolution
		HideSolutionNode = FALSE
	EndGlobalSection
	GlobalSection(ExtensibilityGlobals) = postSolution
		SolutionGuid = {19C0D8B9-FE3A-4CFE-A971-D2DA96DD1E9B}
	EndGlobalSection
EndGlobal
